
Microsoft Visual Studio Solution File, Format Version 12.00
# Visual Studio Version 16
VisualStudioVersion = 16.0.33214.272
MinimumVisualStudioVersion = 10.0.40219.1
Project("{FAE04EC0-301F-11D3-BF4B-00C04F79EFBC}") = "Mission4", "Mission4\Mission4.csproj", "{18FF08FA-AAE8-4D1D-9389-6EFE9B8347DB}"
EndProject
Global
	GlobalSection(SolutionConfigurationPlatforms) = preSolution
		Debug|Any CPU = Debug|Any CPU
		Release|Any CPU = Release|Any CPU
	EndGlobalSection
	GlobalSection(ProjectConfigurationPlatforms) = postSolution
		{18FF08FA-AAE8-4D1D-9389-6EFE9B8347DB}.Debug|Any CPU.ActiveCfg = Debug|Any CPU
		{18FF08FA-AAE8-4D1D-9389-6EFE9B8347DB}.Debug|Any CPU.Build.0 = Debug|Any CPU
		{18FF08FA-AAE8-4D1D-9389-6EFE9B8347DB}.Release|Any CPU.ActiveCfg = Release|Any CPU
		{18FF08FA-AAE8-4D1D-9389-6EFE9B8347DB}.Release|Any CPU.Build.0 = Release|Any CPU
	EndGlobalSection
	GlobalSection(SolutionProperties) = preSolution
		HideSolutionNode = FALSE
	EndGlobalSection
	GlobalSection(ExtensibilityGlobals) = postSolution
		SolutionGuid = {A0E87AB0-66B5-4E43-A914-1CEEBDC6E39B}
	EndGlobalSection
EndGlobal
